
Microsoft Visual Studio Solution File, Format Version 12.00
# Visual Studio Version 17
VisualStudioVersion = 17.14.36109.1 d17.14
MinimumVisualStudioVersion = 10.0.40219.1
Project("{FAE04EC0-301F-11D3-BF4B-00C04F79EFBC}") = "GBazaar", "GBazaar.csproj", "{BB8B84CB-A911-4CBC-ABD7-187236EB4713}"
EndProject
Global
	GlobalSection(SolutionConfigurationPlatforms) = preSolution
		Debug|Any CPU = Debug|Any CPU
		Release|Any CPU = Release|Any CPU
	EndGlobalSection
	GlobalSection(ProjectConfigurationPlatforms) = postSolution
		{BB8B84CB-A911-4CBC-ABD7-187236EB4713}.Debug|Any CPU.ActiveCfg = Debug|Any CPU
		{BB8B84CB-A911-4CBC-ABD7-187236EB4713}.Debug|Any CPU.Build.0 = Debug|Any CPU
		{BB8B84CB-A911-4CBC-ABD7-187236EB4713}.Release|Any CPU.ActiveCfg = Release|Any CPU
		{BB8B84CB-A911-4CBC-ABD7-187236EB4713}.Release|Any CPU.Build.0 = Release|Any CPU
	EndGlobalSection
	GlobalSection(SolutionProperties) = preSolution
		HideSolutionNode = FALSE
	EndGlobalSection
	GlobalSection(ExtensibilityGlobals) = postSolution
		SolutionGuid = {5FCA9240-168B-4F79-9C7F-EA00F6CA7D58}
	EndGlobalSection
EndGlobal
